
Microsoft Visual Studio Solution File, Format Version 12.00
# Visual Studio Version 17
VisualStudioVersion = 17.14.36408.4 d17.14
MinimumVisualStudioVersion = 10.0.40219.1
Project("{FAE04EC0-301F-11D3-BF4B-00C04F79EFBC}") = "Emonti-Optometrist-Website", "Emonti-Optometrist-Website\Emonti-Optometrist-Website.csproj", "{C80C84D5-A6F5-435A-A6D9-EF4C2DBEB39B}"
EndProject
Global
	GlobalSection(SolutionConfigurationPlatforms) = preSolution
		Debug|Any CPU = Debug|Any CPU
		Release|Any CPU = Release|Any CPU
	EndGlobalSection
	GlobalSection(ProjectConfigurationPlatforms) = postSolution
		{C80C84D5-A6F5-435A-A6D9-EF4C2DBEB39B}.Debug|Any CPU.ActiveCfg = Debug|Any CPU
		{C80C84D5-A6F5-435A-A6D9-EF4C2DBEB39B}.Debug|Any CPU.Build.0 = Debug|Any CPU
		{C80C84D5-A6F5-435A-A6D9-EF4C2DBEB39B}.Release|Any CPU.ActiveCfg = Release|Any CPU
		{C80C84D5-A6F5-435A-A6D9-EF4C2DBEB39B}.Release|Any CPU.Build.0 = Release|Any CPU
	EndGlobalSection
	GlobalSection(SolutionProperties) = preSolution
		HideSolutionNode = FALSE
	EndGlobalSection
	GlobalSection(ExtensibilityGlobals) = postSolution
		SolutionGuid = {809D0876-CB95-47D8-A2F6-2F8B659C1C9B}
	EndGlobalSection
EndGlobal
